
Microsoft Visual Studio Solution File, Format Version 12.00
# Visual Studio Version 17
VisualStudioVersion = 17.7.34024.191
MinimumVisualStudioVersion = 10.0.40219.1
Project("{8BC9CEB8-8B4A-11D0-8D11-00A0C91BC942}") = "c9", "c9\c9.vcxproj", "{C82557F1-43FB-438F-847D-DFCB9AF4819B}"
EndProject
Project("{8BC9CEB8-8B4A-11D0-8D11-00A0C91BC942}") = "C10", "C10\C10.vcxproj", "{BCE6B6BD-4DD8-40FF-864A-17111A76158B}"
EndProject
Global
	GlobalSection(SolutionConfigurationPlatforms) = preSolution
		Debug|x64 = Debug|x64
		Debug|x86 = Debug|x86
		Release|x64 = Release|x64
		Release|x86 = Release|x86
	EndGlobalSection
	GlobalSection(ProjectConfigurationPlatforms) = postSolution
		{C82557F1-43FB-438F-847D-DFCB9AF4819B}.Debug|x64.ActiveCfg = Debug|x64
		{C82557F1-43FB-438F-847D-DFCB9AF4819B}.Debug|x64.Build.0 = Debug|x64
		{C82557F1-43FB-438F-847D-DFCB9AF4819B}.Debug|x86.ActiveCfg = Debug|Win32
		{C82557F1-43FB-438F-847D-DFCB9AF4819B}.Debug|x86.Build.0 = Debug|Win32
		{C82557F1-43FB-438F-847D-DFCB9AF4819B}.Release|x64.ActiveCfg = Release|x64
		{C82557F1-43FB-438F-847D-DFCB9AF4819B}.Release|x64.Build.0 = Release|x64
		{C82557F1-43FB-438F-847D-DFCB9AF4819B}.Release|x86.ActiveCfg = Release|Win32
		{C82557F1-43FB-438F-847D-DFCB9AF4819B}.Release|x86.Build.0 = Release|Win32
		{BCE6B6BD-4DD8-40FF-864A-17111A76158B}.Debug|x64.ActiveCfg = Debug|x64
		{BCE6B6BD-4DD8-40FF-864A-17111A76158B}.Debug|x64.Build.0 = Debug|x64
		{BCE6B6BD-4DD8-40FF-864A-17111A76158B}.Debug|x86.ActiveCfg = Debug|Win32
		{BCE6B6BD-4DD8-40FF-864A-17111A76158B}.Debug|x86.Build.0 = Debug|Win32
		{BCE6B6BD-4DD8-40FF-864A-17111A76158B}.Release|x64.ActiveCfg = Release|x64
		{BCE6B6BD-4DD8-40FF-864A-17111A76158B}.Release|x64.Build.0 = Release|x64
		{BCE6B6BD-4DD8-40FF-864A-17111A76158B}.Release|x86.ActiveCfg = Release|Win32
		{BCE6B6BD-4DD8-40FF-864A-17111A76158B}.Release|x86.Build.0 = Release|Win32
	EndGlobalSection
	GlobalSection(SolutionProperties) = preSolution
		HideSolutionNode = FALSE
	EndGlobalSection
	GlobalSection(ExtensibilityGlobals) = postSolution
		SolutionGuid = {D374D070-D22A-47D1-BD92-EC11FE09F08F}
	EndGlobalSection
EndGlobal
